
Microsoft Visual Studio Solution File, Format Version 12.00
# Visual Studio Version 17
VisualStudioVersion = 17.11.35222.181
MinimumVisualStudioVersion = 10.0.40219.1
Project("{2150E333-8FDC-42A3-9474-1A3956D46DE8}") = "producers", "producers", "{1CC5743D-0AB3-495D-BD4E-BB6B55DA8DC0}"
EndProject
Project("{9A19103F-16F7-4668-BE54-9A1E7A4F7556}") = "AbstractFactory", "producers\AbstractFactory\AbstractFactory.csproj", "{ABC1EB53-F7BE-4653-9D72-DC3B7BBE635F}"
EndProject
Project("{9A19103F-16F7-4668-BE54-9A1E7A4F7556}") = "Builder", "producers\Builder\Builder.csproj", "{0A453FEB-4EA2-4136-B5EA-C8E91A1E7308}"
EndProject
Project("{9A19103F-16F7-4668-BE54-9A1E7A4F7556}") = "FactoryMethod", "producers\FactoryMethod\FactoryMethod.csproj", "{3DB2ED66-4634-4616-9F2F-783F97650B32}"
EndProject
Project("{9A19103F-16F7-4668-BE54-9A1E7A4F7556}") = "Singleton", "producers\Singleton\Singleton.csproj", "{E0EA68AD-C246-41C2-87A1-F9E85485C1CE}"
EndProject
Project("{9A19103F-16F7-4668-BE54-9A1E7A4F7556}") = "Prototype", "producers\Prototype\Prototype.csproj", "{64B9F3DD-75A5-4B00-A271-A69B21CF821C}"
EndProject
Project("{2150E333-8FDC-42A3-9474-1A3956D46DE8}") = "structurals", "structurals", "{E4E99636-7597-4ED6-9498-E1C69793D454}"
EndProject
Project("{9A19103F-16F7-4668-BE54-9A1E7A4F7556}") = "Adapter", "structurals\Adapter\Adapter.csproj", "{8B869FB3-E743-45D2-B095-F264C2B034FB}"
EndProject
Project("{9A19103F-16F7-4668-BE54-9A1E7A4F7556}") = "Composite", "structurals\Composite\Composite.csproj", "{9CCD4F8E-63A8-4BFF-BBBE-3F769D71C919}"
EndProject
Project("{9A19103F-16F7-4668-BE54-9A1E7A4F7556}") = "Bridge", "structurals\Bridge\Bridge.csproj", "{96C068F2-A598-42FB-89DF-0345D6C39C4C}"
EndProject
Project("{9A19103F-16F7-4668-BE54-9A1E7A4F7556}") = "Decorator", "structurals\Decorator\Decorator.csproj", "{13E86D08-C760-43A5-A58F-6F57337812C2}"
EndProject
Project("{9A19103F-16F7-4668-BE54-9A1E7A4F7556}") = "Facade", "structurals\Facade\Facade.csproj", "{6721DA0E-6EC3-40F5-86D4-4BE5BE66B868}"
EndProject
Project("{FAE04EC0-301F-11D3-BF4B-00C04F79EFBC}") = "Proxy", "structurals\Proxy\Proxy.csproj", "{1FDF72A8-13BD-4CC5-8DCD-609799EFF20E}"
EndProject
Global
	GlobalSection(SolutionConfigurationPlatforms) = preSolution
		Debug|Any CPU = Debug|Any CPU
		Release|Any CPU = Release|Any CPU
	EndGlobalSection
	GlobalSection(ProjectConfigurationPlatforms) = postSolution
		{ABC1EB53-F7BE-4653-9D72-DC3B7BBE635F}.Debug|Any CPU.ActiveCfg = Debug|Any CPU
		{ABC1EB53-F7BE-4653-9D72-DC3B7BBE635F}.Debug|Any CPU.Build.0 = Debug|Any CPU
		{ABC1EB53-F7BE-4653-9D72-DC3B7BBE635F}.Release|Any CPU.ActiveCfg = Release|Any CPU
		{ABC1EB53-F7BE-4653-9D72-DC3B7BBE635F}.Release|Any CPU.Build.0 = Release|Any CPU
		{0A453FEB-4EA2-4136-B5EA-C8E91A1E7308}.Debug|Any CPU.ActiveCfg = Debug|Any CPU
		{0A453FEB-4EA2-4136-B5EA-C8E91A1E7308}.Debug|Any CPU.Build.0 = Debug|Any CPU
		{0A453FEB-4EA2-4136-B5EA-C8E91A1E7308}.Release|Any CPU.ActiveCfg = Release|Any CPU
		{0A453FEB-4EA2-4136-B5EA-C8E91A1E7308}.Release|Any CPU.Build.0 = Release|Any CPU
		{3DB2ED66-4634-4616-9F2F-783F97650B32}.Debug|Any CPU.ActiveCfg = Debug|Any CPU
		{3DB2ED66-4634-4616-9F2F-783F97650B32}.Debug|Any CPU.Build.0 = Debug|Any CPU
		{3DB2ED66-4634-4616-9F2F-783F97650B32}.Release|Any CPU.ActiveCfg = Release|Any CPU
		{3DB2ED66-4634-4616-9F2F-783F97650B32}.Release|Any CPU.Build.0 = Release|Any CPU
		{E0EA68AD-C246-41C2-87A1-F9E85485C1CE}.Debug|Any CPU.ActiveCfg = Debug|Any CPU
		{E0EA68AD-C246-41C2-87A1-F9E85485C1CE}.Debug|Any CPU.Build.0 = Debug|Any CPU
		{E0EA68AD-C246-41C2-87A1-F9E85485C1CE}.Release|Any CPU.ActiveCfg = Release|Any CPU
		{E0EA68AD-C246-41C2-87A1-F9E85485C1CE}.Release|Any CPU.Build.0 = Release|Any CPU
		{64B9F3DD-75A5-4B00-A271-A69B21CF821C}.Debug|Any CPU.ActiveCfg = Debug|Any CPU
		{64B9F3DD-75A5-4B00-A271-A69B21CF821C}.Debug|Any CPU.Build.0 = Debug|Any CPU
		{64B9F3DD-75A5-4B00-A271-A69B21CF821C}.Release|Any CPU.ActiveCfg = Release|Any CPU
		{64B9F3DD-75A5-4B00-A271-A69B21CF821C}.Release|Any CPU.Build.0 = Release|Any CPU
		{8B869FB3-E743-45D2-B095-F264C2B034FB}.Debug|Any CPU.ActiveCfg = Debug|Any CPU
		{8B869FB3-E743-45D2-B095-F264C2B034FB}.Debug|Any CPU.Build.0 = Debug|Any CPU
		{8B869FB3-E743-45D2-B095-F264C2B034FB}.Release|Any CPU.ActiveCfg = Release|Any CPU
		{8B869FB3-E743-45D2-B095-F264C2B034FB}.Release|Any CPU.Build.0 = Release|Any CPU
		{9CCD4F8E-63A8-4BFF-BBBE-3F769D71C919}.Debug|Any CPU.ActiveCfg = Debug|Any CPU
		{9CCD4F8E-63A8-4BFF-BBBE-3F769D71C919}.Debug|Any CPU.Build.0 = Debug|Any CPU
		{9CCD4F8E-63A8-4BFF-BBBE-3F769D71C919}.Release|Any CPU.ActiveCfg = Release|Any CPU
		{9CCD4F8E-63A8-4BFF-BBBE-3F769D71C919}.Release|Any CPU.Build.0 = Release|Any CPU
		{96C068F2-A598-42FB-89DF-0345D6C39C4C}.Debug|Any CPU.ActiveCfg = Debug|Any CPU
		{96C068F2-A598-42FB-89DF-0345D6C39C4C}.Debug|Any CPU.Build.0 = Debug|Any CPU
		{96C068F2-A598-42FB-89DF-0345D6C39C4C}.Release|Any CPU.ActiveCfg = Release|Any CPU
		{96C068F2-A598-42FB-89DF-0345D6C39C4C}.Release|Any CPU.Build.0 = Release|Any CPU
		{13E86D08-C760-43A5-A58F-6F57337812C2}.Debug|Any CPU.ActiveCfg = Debug|Any CPU
		{13E86D08-C760-43A5-A58F-6F57337812C2}.Debug|Any CPU.Build.0 = Debug|Any CPU
		{13E86D08-C760-43A5-A58F-6F57337812C2}.Release|Any CPU.ActiveCfg = Release|Any CPU
		{13E86D08-C760-43A5-A58F-6F57337812C2}.Release|Any CPU.Build.0 = Release|Any CPU
		{6721DA0E-6EC3-40F5-86D4-4BE5BE66B868}.Debug|Any CPU.ActiveCfg = Debug|Any CPU
		{6721DA0E-6EC3-40F5-86D4-4BE5BE66B868}.Debug|Any CPU.Build.0 = Debug|Any CPU
		{6721DA0E-6EC3-40F5-86D4-4BE5BE66B868}.Release|Any CPU.ActiveCfg = Release|Any CPU
		{6721DA0E-6EC3-40F5-86D4-4BE5BE66B868}.Release|Any CPU.Build.0 = Release|Any CPU
		{1FDF72A8-13BD-4CC5-8DCD-609799EFF20E}.Debug|Any CPU.ActiveCfg = Debug|Any CPU
		{1FDF72A8-13BD-4CC5-8DCD-609799EFF20E}.Debug|Any CPU.Build.0 = Debug|Any CPU
		{1FDF72A8-13BD-4CC5-8DCD-609799EFF20E}.Release|Any CPU.ActiveCfg = Release|Any CPU
		{1FDF72A8-13BD-4CC5-8DCD-609799EFF20E}.Release|Any CPU.Build.0 = Release|Any CPU
	EndGlobalSection
	GlobalSection(SolutionProperties) = preSolution
		HideSolutionNode = FALSE
	EndGlobalSection
	GlobalSection(NestedProjects) = preSolution
		{ABC1EB53-F7BE-4653-9D72-DC3B7BBE635F} = {1CC5743D-0AB3-495D-BD4E-BB6B55DA8DC0}
		{0A453FEB-4EA2-4136-B5EA-C8E91A1E7308} = {1CC5743D-0AB3-495D-BD4E-BB6B55DA8DC0}
		{3DB2ED66-4634-4616-9F2F-783F97650B32} = {1CC5743D-0AB3-495D-BD4E-BB6B55DA8DC0}
		{E0EA68AD-C246-41C2-87A1-F9E85485C1CE} = {1CC5743D-0AB3-495D-BD4E-BB6B55DA8DC0}
		{64B9F3DD-75A5-4B00-A271-A69B21CF821C} = {1CC5743D-0AB3-495D-BD4E-BB6B55DA8DC0}
		{8B869FB3-E743-45D2-B095-F264C2B034FB} = {E4E99636-7597-4ED6-9498-E1C69793D454}
		{9CCD4F8E-63A8-4BFF-BBBE-3F769D71C919} = {E4E99636-7597-4ED6-9498-E1C69793D454}
		{96C068F2-A598-42FB-89DF-0345D6C39C4C} = {E4E99636-7597-4ED6-9498-E1C69793D454}
		{13E86D08-C760-43A5-A58F-6F57337812C2} = {E4E99636-7597-4ED6-9498-E1C69793D454}
		{6721DA0E-6EC3-40F5-86D4-4BE5BE66B868} = {E4E99636-7597-4ED6-9498-E1C69793D454}
		{1FDF72A8-13BD-4CC5-8DCD-609799EFF20E} = {E4E99636-7597-4ED6-9498-E1C69793D454}
	EndGlobalSection
	GlobalSection(ExtensibilityGlobals) = postSolution
		SolutionGuid = {3ADEE1B6-8A9E-48AA-A2A3-BCA0F240B101}
	EndGlobalSection
EndGlobal
